
Microsoft Visual Studio Solution File, Format Version 12.00
# Visual Studio Version 16
VisualStudioVersion = 16.0.30204.135
MinimumVisualStudioVersion = 10.0.40219.1
Project("{888888A0-9F3D-457C-B088-3A5042F75D52}") = "KombiN", "KombiN.pyproj", "{2EF1EE7D-082F-4DDA-85B3-0EDB27F9971D}"
EndProject
Global
	GlobalSection(SolutionConfigurationPlatforms) = preSolution
		Debug|Any CPU = Debug|Any CPU
		Release|Any CPU = Release|Any CPU
	EndGlobalSection
	GlobalSection(ProjectConfigurationPlatforms) = postSolution
		{2EF1EE7D-082F-4DDA-85B3-0EDB27F9971D}.Debug|Any CPU.ActiveCfg = Debug|Any CPU
		{2EF1EE7D-082F-4DDA-85B3-0EDB27F9971D}.Release|Any CPU.ActiveCfg = Release|Any CPU
	EndGlobalSection
	GlobalSection(SolutionProperties) = preSolution
		HideSolutionNode = FALSE
	EndGlobalSection
	GlobalSection(ExtensibilityGlobals) = postSolution
		SolutionGuid = {689BF764-27A8-4012-BB5F-87598AEE601E}
	EndGlobalSection
EndGlobal
